<?xml version="1.0" encoding="utf-8"?>
<Project ToolsVersion="4.0" xmlns="http://schemas.microsoft.com/developer/msbuild/2003">
  <ItemGroup>
    <ClCompile Include="Color.cpp" />
    <ClCompile Include="main.cpp" />
    <ClCompile Include="Triangle2D.cpp" />
    <ClCompile Include="Square2D.cpp" />
    <ClCompile Include="RenderGL.cpp" />
    <ClCompile Include="Transform.cpp" />
    <ClCompile Include="Vector2.cpp" />
    <ClCompile Include="Vector3.cpp" />
    <ClCompile Include="Primitivas2D.cpp" />
  </ItemGroup>
  <ItemGroup>
    <ClInclude Include="Color.h" />
    <ClInclude Include="Square2D.h" />
    <ClInclude Include="RenderGL.h" />
    <ClInclude Include="Transform.h" />
    <ClInclude Include="Triangle2D.h" />
    <ClInclude Include="Vector2.h" />
    <ClInclude Include="Vector3.h" />
    <ClInclude Include="Primitivas2D.h" />
  </ItemGroup>
</Project>